{
  "requires": true,
  "lockfileVersion": 1,
  "dependencies": {
    "ammo": {
      "version": "1.0.1",
      "resolved": "https://registry.npmjs.org/ammo/-/ammo-1.0.1.tgz",
      "integrity": "sha512-AnMKJci9zyOu1FGBfywS9IVm9VMA8ektGA2ox/2wQUDzdKbKLXFbmWPaecRO7DGBa5SLVZhjDc//6gTSFvpstw==",
      "requires": {
        "boom": "2.x.x",
        "hoek": "2.x.x"
      }
    },
    "boom": {
      "version": "2.10.1",
      "resolved": "https://registry.npmjs.org/boom/-/boom-2.10.1.tgz",
      "integrity": "sha512-KbiZEa9/vofNcVJXGwdWWn25reQ3V3dHBWbS07FTF3/TOehLnm9GEhJV4T6ZvGPkShRpmUqYwnaCrkj0mRnP6Q==",
      "requires": {
        "hoek": "2.x.x"
      }
    },
    "core-util-is": {
      "version": "1.0.3",
      "resolved": "https://registry.npmjs.org/core-util-is/-/core-util-is-1.0.3.tgz",
      "integrity": "sha512-ZQBvi1DcpJ4GDqanjucZ2Hj3wEO5pZDS89BWbkcrvdxksJorwUDDZamX9ldFkp9aw2lmBDLgkObEA4DWNJ9FYQ=="
    },
    "corsproxy": {
      "version": "1.5.0",
      "resolved": "https://registry.npmjs.org/corsproxy/-/corsproxy-1.5.0.tgz",
      "integrity": "sha512-dBPmB5dI9V/TbyDR8uOvpJEBPk3e8k+XICks4UuOgcVRBXEvaK3xjtR0r8z/yiLeTaD59QJZySwZyAvmXnLjBA==",
      "requires": {
        "ejs": "^2.3.3",
        "good": "^6.3.0",
        "good-console": "^5.0.3",
        "h2o2": "^4.0.1",
        "hapi": "^9.0.2",
        "hapi-cors-headers": "^1.0.0",
        "http-proxy": "~1.11",
        "inert": "^3.0.1",
        "vision": "^3.0.0"
      }
    },
    "ejs": {
      "version": "2.7.4",
      "resolved": "https://registry.npmjs.org/ejs/-/ejs-2.7.4.tgz",
      "integrity": "sha512-7vmuyh5+kuUyJKePhQfRQBhXV5Ce+RnaeeQArKu1EAMpL3WbgMt5WG6uQZpEVvYSSsxMXRKOewtDk9RaTKXRlA=="
    },
    "eventemitter3": {
      "version": "1.2.0",
      "resolved": "https://registry.npmjs.org/eventemitter3/-/eventemitter3-1.2.0.tgz",
      "integrity": "sha512-DOFqA1MF46fmZl2xtzXR3MPCRsXqgoFqdXcrCVYM3JNnfUeHTm/fh/v/iU7gBFpwkuBmoJPAm5GuhdDfSEJMJA=="
    },
    "good": {
      "version": "6.6.3",
      "resolved": "https://registry.npmjs.org/good/-/good-6.6.3.tgz",
      "integrity": "sha512-L50R4QKmYKuVN8A7VrRFKXfJ4n61EEmrgOOJon+otKjQrMo+/mZQHU1Fp8ayZsBaC4/pQxWPTE1iGMYyQw2oSw==",
      "requires": {
        "hoek": "2.x.x",
        "items": "1.x.x",
        "joi": "6.x.x",
        "traverse": "0.6.6",
        "wreck": "6.x.x"
      }
    },
    "good-console": {
      "version": "5.3.2",
      "resolved": "https://registry.npmjs.org/good-console/-/good-console-5.3.2.tgz",
      "integrity": "sha512-or2NyfALEVwlCf9nSKlKvhqZE5sBjvypWk0QuLFrk4sqfstjxBdxLNKjiQcmvGQVlupQKGpomffezOoJwt7IRA==",
      "requires": {
        "good-squeeze": "2.x.x",
        "hoek": "2.x.x",
        "json-stringify-safe": "5.0.x",
        "moment": "2.11.x",
        "through2": "0.6.x"
      },
      "dependencies": {
        "moment": {
          "version": "2.11.2",
          "resolved": "https://registry.npmjs.org/moment/-/moment-2.11.2.tgz",
          "integrity": "sha512-jAR7oRWEtmyOKFd10OE2480k4rLh62CpOGoohDV6cQzpRCGXUEk5dmkYNDvtz0Bnt+72tSMebgLmIsXgaX+L7A=="
        }
      }
    },
    "good-squeeze": {
      "version": "2.1.0",
      "resolved": "https://registry.npmjs.org/good-squeeze/-/good-squeeze-2.1.0.tgz",
      "integrity": "sha512-rQx9AgCmQLvFzIak+0Bi56ObsOWzCxAFyjOxNxzJa0fxvMafGsfz+UHTKGwgr9IhTAKgVDwvRNWiKdE+k+JFVA==",
      "requires": {
        "hoek": "2.x.x",
        "json-stringify-safe": "5.0.x"
      }
    },
    "h2o2": {
      "version": "4.0.2",
      "resolved": "https://registry.npmjs.org/h2o2/-/h2o2-4.0.2.tgz",
      "integrity": "sha512-QBGH5VbVG8Jmv06jxNS77tdiWvwWPzZuXKXmnDF5zA5/coPbsEL0G0AJgrUfYIbIQ3RVamkmmoEx4qmhSabwaw==",
      "requires": {
        "boom": "2.x.x",
        "hoek": "2.x.x",
        "joi": "6.x.x",
        "wreck": "6.x.x"
      }
    },
    "hapi": {
      "version": "9.5.1",
      "resolved": "https://registry.npmjs.org/hapi/-/hapi-9.5.1.tgz",
      "integrity": "sha512-bc7Edlg0TQ3oszNLzCwQ4rDYRZHvCZ+Mxi79TVytqkxJ5qyEL8mX0el0hLGFF4MpCuaZiyIMMxcbS2wb5Kse8w==",
      "requires": {
        "accept": "1.x.x",
        "ammo": "1.x.x",
        "boom": "^2.5.x",
        "call": "2.x.x",
        "catbox": "6.x.x",
        "catbox-memory": "1.x.x",
        "cryptiles": "2.x.x",
        "heavy": "3.x.x",
        "hoek": "^2.14.x",
        "iron": "2.x.x",
        "items": "1.x.x",
        "joi": "^6.8.1",
        "kilt": "^1.1.x",
        "mimos": "2.x.x",
        "peekaboo": "1.x.x",
        "qs": "4.x.x",
        "shot": "^1.7.x",
        "statehood": "2.x.x",
        "subtext": "2.x.x",
        "topo": "^1.1.x"
      },
      "dependencies": {
        "accept": {
          "version": "1.1.0",
          "resolved": "https://registry.npmjs.org/accept/-/accept-1.1.0.tgz",
          "integrity": "sha512-HDv67+8yQOc2AxloyYtzOE5QEoTq0zS2DHs5b/qr47QlwBxMUAikAvNBM2xYPzzG4OQhl87VZffCwfG5ZFtnWQ==",
          "requires": {
            "boom": "2.x.x",
            "hoek": "2.x.x"
          }
        },
        "ammo": {
          "version": "1.0.1",
          "resolved": "https://registry.npmjs.org/ammo/-/ammo-1.0.1.tgz",
          "integrity": "sha512-AnMKJci9zyOu1FGBfywS9IVm9VMA8ektGA2ox/2wQUDzdKbKLXFbmWPaecRO7DGBa5SLVZhjDc//6gTSFvpstw==",
          "requires": {
            "boom": "2.x.x",
            "hoek": "2.x.x"
          }
        },
        "boom": {
          "version": "2.9.0",
          "resolved": "https://registry.npmjs.org/boom/-/boom-2.9.0.tgz",
          "integrity": "sha512-JI8F10X9frXXqjIlTDgXb74OOq2iZgHROk/WvVL/zQziuTJD/M6CMuEgdtptUmXDQsFITJdL9bGr+tiFI7zuTg==",
          "requires": {
            "hoek": "2.x.x"
          }
        },
        "call": {
          "version": "2.0.2",
          "resolved": "https://registry.npmjs.org/call/-/call-2.0.2.tgz",
          "integrity": "sha512-CgAcspL7M6KdqgZxxFIrVsg4wC0GHE6AMAjwFYjzlg/KFYAp+i4Nvg5fiqKgcF1cbkBacB4sQCUdFG7kBANe4g==",
          "requires": {
            "boom": "2.x.x",
            "hoek": "2.x.x"
          }
        },
        "catbox": {
          "version": "6.0.0",
          "resolved": "https://registry.npmjs.org/catbox/-/catbox-6.0.0.tgz",
          "integrity": "sha512-OyOpJyR3tyOq/EMGXhgB3TzCGD+QHeOQazNt5Wm/n0w1drFwKBFL0HVHFa3zTgtWfuDtnZSJbvQCzgRGaXqmXQ==",
          "requires": {
            "boom": "2.x.x",
            "hoek": "2.x.x",
            "joi": "6.x.x"
          }
        },
        "catbox-memory": {
          "version": "1.1.2",
          "resolved": "https://registry.npmjs.org/catbox-memory/-/catbox-memory-1.1.2.tgz",
          "integrity": "sha512-UcKPnS0uT68v4nwsFUIG0tdxEAAEKUDSkBuZn4ZB2C5I7OptznxdwiYGnlTdsCEhs40DboBUtruX76ZtQZRe+w==",
          "requires": {
            "hoek": "2.x.x"
          }
        },
        "cryptiles": {
          "version": "2.0.5",
          "resolved": "https://registry.npmjs.org/cryptiles/-/cryptiles-2.0.5.tgz",
          "integrity": "sha512-FFN5KwpvvQTTS5hWPxrU8/QE4kQUc6uwZcrnlMBN82t1MgAtq8mnoDwINBly9Tdr02seeIIhtdF+UH1feBYGog==",
          "requires": {
            "boom": "2.x.x"
          }
        },
        "heavy": {
          "version": "3.0.1",
          "resolved": "https://registry.npmjs.org/heavy/-/heavy-3.0.1.tgz",
          "integrity": "sha512-1U//1wbv50/LywV9mqAY0SSEDkYHxxCXZal8cOd6jgK4cxFP6jfoSgT0x/CUOiboiF+RDGtWvn/877CiObPq9A==",
          "requires": {
            "boom": "2.x.x",
            "hoek": "2.x.x",
            "joi": "6.x.x"
          }
        },
        "hoek": {
          "version": "2.16.3",
          "resolved": "https://registry.npmjs.org/hoek/-/hoek-2.16.3.tgz",
          "integrity": "sha512-V6Yw1rIcYV/4JsnggjBU0l4Kr+EXhpwqXRusENU1Xx6ro00IHPHYNynCuBTOZAPlr3AAmLvchH9I7N/VUdvOwQ=="
        },
        "iron": {
          "version": "2.1.3",
          "resolved": "https://registry.npmjs.org/iron/-/iron-2.1.3.tgz",
          "integrity": "sha512-F0TZZhDcpexFAlXQtkAY7gVrMJhCsXmK1SSj8ohbgwPH/F+2CBBca2j/F1Bt6csv9bbaHFJiSokCzW/fiGHeFg==",
          "requires": {
            "boom": "2.x.x",
            "cryptiles": "2.x.x",
            "hoek": "2.x.x"
          }
        },
        "items": {
          "version": "1.1.0",
          "resolved": "https://registry.npmjs.org/items/-/items-1.1.0.tgz",
          "integrity": "sha512-8trfwXl4Fm5IIfYlphcULsgvwZ0HS/k7tBcdFyWorTRsULBUNb2DaeFVZ+a6XkO8MizsUILoOQge3dyzQTOR7Q=="
        },
        "joi": {
          "version": "6.8.1",
          "resolved": "https://registry.npmjs.org/joi/-/joi-6.8.1.tgz",
          "integrity": "sha512-+U+18sF6PmrYTMCn4AnUxoNfoFngbugIsSYsy8Cnsls5P3As316w973NzVyJpRS81ikPUTQXj9yz2rC63ZWqYA==",
          "requires": {
            "hoek": "2.x.x",
            "isemail": "1.x.x",
            "moment": "2.x.x",
            "topo": "1.x.x"
          },
          "dependencies": {
            "isemail": {
              "version": "1.2.0",
              "resolved": "https://registry.npmjs.org/isemail/-/isemail-1.2.0.tgz",
              "integrity": "sha512-pZMb1rDrWRAPtVY92VCxWtF+1gExWrCnao+GL1EKHx6z19ovW+xNcnC1iNB7WkbSYWlyl3uwlaH5eaBx2s2crw=="
            },
            "moment": {
              "version": "2.10.6",
              "resolved": "https://registry.npmjs.org/moment/-/moment-2.10.6.tgz",
              "integrity": "sha512-Tqzz/uADMAPuqWA7iE0eMCJHhDqGuRpiwUSokCT3144wCsjeTHwzbgJY62GAvt3ax8bI8tDugD2oaMQXvJ9tBA=="
            }
          }
        },
        "kilt": {
          "version": "1.1.1",
          "resolved": "https://registry.npmjs.org/kilt/-/kilt-1.1.1.tgz",
          "integrity": "sha512-j6qVf+w10bxAvgCDyLx6tfza3lpPmjFMkg0HcVvWIvCL4CQ1VMeN6VNWhKDBGTeqc1iBz3pHPbgVfGeQNYQuoQ==",
          "requires": {
            "hoek": "2.x.x"
          }
        },
        "mimos": {
          "version": "2.0.2",
          "resolved": "https://registry.npmjs.org/mimos/-/mimos-2.0.2.tgz",
          "integrity": "sha512-Ig1xWtcdT8l0H7tmtaRzZMUfJhTon7Bcg3dybu+Pk7IQRKQQBPJ9og4H3Nk2cwEOM/MrcbY2ogJc6QMMHNxW0g==",
          "requires": {
            "hoek": "2.x.x",
            "mime-db": "1.x.x"
          },
          "dependencies": {
            "mime-db": {
              "version": "1.19.0",
              "resolved": "https://registry.npmjs.org/mime-db/-/mime-db-1.19.0.tgz",
              "integrity": "sha512-pY28EWl2RLz+bklnyeNegNYxKvzySdwTFWc8g1Ex0k1V1HfJ2wu2E+Mc7/5X1TDjdBEaMNl3Rw0By+OgpO+1Eg=="
            }
          }
        },
        "peekaboo": {
          "version": "1.0.0",
          "resolved": "https://registry.npmjs.org/peekaboo/-/peekaboo-1.0.0.tgz",
          "integrity": "sha512-iqwB77z9VbRdHkBKt/MiwsARis45Jv8XO4Sm/So7yncwyDOtcd8wVglpLmQZQr5I4Ux/B2u+NIKNaEtBIOSvwA=="
        },
        "qs": {
          "version": "4.0.0",
          "resolved": "https://registry.npmjs.org/qs/-/qs-4.0.0.tgz",
          "integrity": "sha512-8MPmJ83uBOPsQj5tQCv4g04/nTiY+d17yl9o3Bw73vC6XlEm2POIRRlOgWJ8i74bkGLII670cDJJZkgiZ2sIkg=="
        },
        "shot": {
          "version": "1.7.0",
          "resolved": "https://registry.npmjs.org/shot/-/shot-1.7.0.tgz",
          "integrity": "sha512-6v6On/Z6PGQWPoaJPo9lV3On1dJ6B4rh/hm1Fv0AcOuk1Ml9OhBDRkZ8Gz1qDBeqR2bu1LtqZ2pPDKI5DeMpxA==",
          "requires": {
            "hoek": "2.x.x"
          }
        },
        "statehood": {
          "version": "2.1.1",
          "resolved": "https://registry.npmjs.org/statehood/-/statehood-2.1.1.tgz",
          "integrity": "sha512-dItbtl77c9yQdnJ66Ky3BaxP+rLuFpT3AoUmaBI8Wc7boMwjyxc57eAgNMJHL+bBRImWCQ6q0YrZ4+5UG8sY9Q==",
          "requires": {
            "boom": "2.x.x",
            "cryptiles": "2.x.x",
            "hoek": "2.x.x",
            "iron": "2.x.x",
            "items": "1.x.x",
            "joi": "6.x.x"
          }
        },
        "subtext": {
          "version": "2.0.0",
          "resolved": "https://registry.npmjs.org/subtext/-/subtext-2.0.0.tgz",
          "integrity": "sha512-UlGh25CKeoZWN8Z6TaadiZrJtNkTTyf46KKC4YYF23j45DnvAJBEAI05OdvDhLeKoHQ/9E6K1TLggJtQPDKUmg==",
          "requires": {
            "boom": "2.x.x",
            "content": "1.x.x",
            "hoek": "2.x.x",
            "pez": "1.x.x",
            "qs": "4.x.x",
            "wreck": "6.x.x"
          },
          "dependencies": {
            "content": {
              "version": "1.0.2",
              "resolved": "https://registry.npmjs.org/content/-/content-1.0.2.tgz",
              "integrity": "sha512-GoVLEdUNleuL4Nv/V4+j9IJOeA6yC/jjmKOslXv6SNWiMwmz0cy7nYNp1Dg12uMZ02yhXCwpvp4Iij0yasTnJw==",
              "requires": {
                "boom": "2.x.x",
                "hoek": "2.x.x"
              }
            },
            "pez": {
              "version": "1.0.0",
              "resolved": "https://registry.npmjs.org/pez/-/pez-1.0.0.tgz",
              "integrity": "sha512-5A4pXNMpVIxqCkFPSHf7hgXq9i67sWsK5K9+P5xn2Iw5fbcXV2SNuKWf6nVRRf3P9Gq2VLgj9lEbkuLjetrgbg==",
              "requires": {
                "b64": "2.x.x",
                "boom": "2.x.x",
                "content": "1.x.x",
                "hoek": "2.x.x",
                "nigel": "1.x.x"
              },
              "dependencies": {
                "b64": {
                  "version": "2.0.1",
                  "resolved": "https://registry.npmjs.org/b64/-/b64-2.0.1.tgz",
                  "integrity": "sha512-q1mrmys21xu5BsrmBdpXKh4Scgw93LQIuFdL66JMH3v+KxeDqYbH5D2rq+G7PZcZDlaKzjgRBeEEXL0KzZU01g==",
                  "requires": {
                    "hoek": "2.x.x"
                  }
                },
                "nigel": {
                  "version": "1.0.1",
                  "resolved": "https://registry.npmjs.org/nigel/-/nigel-1.0.1.tgz",
                  "integrity": "sha512-bs0NxZsCVwz2Uzu/OyOyACETg3pXqPtWLt+k/E4G1Wo0cwc1YeSmDoH2dCz95fqrhKTsx9sHCcNR1amm8dCT5g==",
                  "requires": {
                    "hoek": "2.x.x",
                    "vise": "1.x.x"
                  },
                  "dependencies": {
                    "vise": {
                      "version": "1.0.0",
                      "resolved": "https://registry.npmjs.org/vise/-/vise-1.0.0.tgz",
                      "integrity": "sha512-wj1sS3OTkQr/BmJWziTUVMYf6XbQPiHN15POXsJwavwqcKNk7cht1GQJ4JG8kDiRRYpP0i230OW8lbg5jD3ZxQ==",
                      "requires": {
                        "hoek": "2.x.x"
                      }
                    }
                  }
                }
              }
            },
            "wreck": {
              "version": "6.2.0",
              "resolved": "https://registry.npmjs.org/wreck/-/wreck-6.2.0.tgz",
              "integrity": "sha512-II/6DAWV2RMKUNGzHreHhZZYTsRj5df237aeI1vpVYwvena1iEivMcMbl8QQMgYnlKXbegX7JN8uustAQmwcnA==",
              "requires": {
                "boom": "2.x.x",
                "hoek": "2.x.x"
              }
            }
          }
        },
        "topo": {
          "version": "1.1.0",
          "resolved": "https://registry.npmjs.org/topo/-/topo-1.1.0.tgz",
          "integrity": "sha512-vpmONxdZoD0R3hzH0lovwv8QmsqZmGCDE1wXW9YGD/reiDOAbPKEgRDlBCAt8u8nJhav/s/I+r+1gvdpA11x7Q==",
          "requires": {
            "hoek": "2.x.x"
          }
        }
      }
    },
    "hapi-cors-headers": {
      "version": "1.0.3",
      "resolved": "https://registry.npmjs.org/hapi-cors-headers/-/hapi-cors-headers-1.0.3.tgz",
      "integrity": "sha512-U/y+kpVLUJ0y86fEk8yleou9C1T5wFopcWQjuxKdMXzCcymTjfSqGz59waqvngUs1SbeXav/y8Ga9C0G0L1MGg=="
    },
    "hoek": {
      "version": "2.16.3",
      "resolved": "https://registry.npmjs.org/hoek/-/hoek-2.16.3.tgz",
      "integrity": "sha512-V6Yw1rIcYV/4JsnggjBU0l4Kr+EXhpwqXRusENU1Xx6ro00IHPHYNynCuBTOZAPlr3AAmLvchH9I7N/VUdvOwQ=="
    },
    "http-proxy": {
      "version": "1.11.3",
      "resolved": "https://registry.npmjs.org/http-proxy/-/http-proxy-1.11.3.tgz",
      "integrity": "sha512-dVzC6JlPUaRBONwMwVa/x1H5T0Gxn7VEldmfXuA++6+dE1a18VxfZoFIL2qHDVW4Eu+5m9ppPhm9ozeG/EhkmA==",
      "requires": {
        "eventemitter3": "1.x.x",
        "requires-port": "0.x.x"
      }
    },
    "inert": {
      "version": "3.2.1",
      "resolved": "https://registry.npmjs.org/inert/-/inert-3.2.1.tgz",
      "integrity": "sha512-IgX7s5c2GDdIinzghBkay5dJo2zlhSZztuHyNIkL7N3ZjZDrEMwjkHkT5rJquThDr6ywy1cZroQCGXsj4UciUw==",
      "requires": {
        "ammo": "1.x.x",
        "boom": "2.x.x",
        "hoek": "2.x.x",
        "items": "1.x.x",
        "joi": "^6.7.x",
        "lru-cache": "2.7.x"
      }
    },
    "inherits": {
      "version": "2.0.4",
      "resolved": "https://registry.npmjs.org/inherits/-/inherits-2.0.4.tgz",
      "integrity": "sha512-k/vGaX4/Yla3WzyMCvTQOXYeIHvqOKtnqBduzTHpzpQZzAskKMhZ2K+EnBiSM9zGSoIFeMpXKxa4dYeZIQqewQ=="
    },
    "isarray": {
      "version": "0.0.1",
      "resolved": "https://registry.npmjs.org/isarray/-/isarray-0.0.1.tgz",
      "integrity": "sha512-D2S+3GLxWH+uhrNEcoh/fnmYeP8E8/zHl644d/jdA0g2uyXvy3sb0qxotE+ne0LtccHknQzWwZEzhak7oJ0COQ=="
    },
    "isemail": {
      "version": "1.2.0",
      "resolved": "https://registry.npmjs.org/isemail/-/isemail-1.2.0.tgz",
      "integrity": "sha512-pZMb1rDrWRAPtVY92VCxWtF+1gExWrCnao+GL1EKHx6z19ovW+xNcnC1iNB7WkbSYWlyl3uwlaH5eaBx2s2crw=="
    },
    "items": {
      "version": "1.1.1",
      "resolved": "https://registry.npmjs.org/items/-/items-1.1.1.tgz",
      "integrity": "sha512-6f/pBqlK914RLkxsvsmX2xGEMhIVkMQI3rz2RuQ1s5h9IvIzNzngMowLO0k73eseiv4T//zTlW+t7YOBN0TmxQ=="
    },
    "joi": {
      "version": "6.10.1",
      "resolved": "https://registry.npmjs.org/joi/-/joi-6.10.1.tgz",
      "integrity": "sha512-K6+OwGaWM1sBEu+XMbgC4zDmg6hnddS2DWiCVtjnhkcrzv+ejSfh7HGUsoxmWQkv6kHEsVFAywttfkpmIE2QwQ==",
      "requires": {
        "hoek": "2.x.x",
        "isemail": "1.x.x",
        "moment": "2.x.x",
        "topo": "1.x.x"
      }
    },
    "json-stringify-safe": {
      "version": "5.0.1",
      "resolved": "https://registry.npmjs.org/json-stringify-safe/-/json-stringify-safe-5.0.1.tgz",
      "integrity": "sha512-ZClg6AaYvamvYEE82d3Iyd3vSSIjQ+odgjaTzRuO3s7toCdFKczob2i0zCh7JE8kWn17yvAWhUVxvqGwUalsRA=="
    },
    "lru-cache": {
      "version": "2.7.3",
      "resolved": "https://registry.npmjs.org/lru-cache/-/lru-cache-2.7.3.tgz",
      "integrity": "sha512-WpibWJ60c3AgAz8a2iYErDrcT2C7OmKnsWhIcHOjkUHFjkXncJhtLxNSqUmxRxRunpb5I8Vprd7aNSd2NtksJQ=="
    },
    "moment": {
      "version": "2.29.4",
      "resolved": "https://registry.npmjs.org/moment/-/moment-2.29.4.tgz",
      "integrity": "sha512-5LC9SOxjSc2HF6vO2CyuTDNivEdoz2IvyJJGj6X8DJ0eFyfszE0QiEd+iXmBvUP3WHxSjFH/vIsA0EN00cgr8w=="
    },
    "readable-stream": {
      "version": "1.0.34",
      "resolved": "https://registry.npmjs.org/readable-stream/-/readable-stream-1.0.34.tgz",
      "integrity": "sha512-ok1qVCJuRkNmvebYikljxJA/UEsKwLl2nI1OmaqAu4/UE+h0wKCHok4XkL/gvi39OacXvw59RJUOFUkDib2rHg==",
      "requires": {
        "core-util-is": "~1.0.0",
        "inherits": "~2.0.1",
        "isarray": "0.0.1",
        "string_decoder": "~0.10.x"
      }
    },
    "requires-port": {
      "version": "0.0.1",
      "resolved": "https://registry.npmjs.org/requires-port/-/requires-port-0.0.1.tgz",
      "integrity": "sha512-AzPDCliPoWDSvEVYRQmpzuPhGGEnPrQz9YiOEvn+UdB9ixBpw+4IOZWtwctmpzySLZTy7ynpn47V14H4yaowtA=="
    },
    "string_decoder": {
      "version": "0.10.31",
      "resolved": "https://registry.npmjs.org/string_decoder/-/string_decoder-0.10.31.tgz",
      "integrity": "sha512-ev2QzSzWPYmy9GuqfIVildA4OdcGLeFZQrq5ys6RtiuF+RQQiZWr8TZNyAcuVXyQRYfEO+MsoB/1BuQVhOJuoQ=="
    },
    "through2": {
      "version": "0.6.5",
      "resolved": "https://registry.npmjs.org/through2/-/through2-0.6.5.tgz",
      "integrity": "sha512-RkK/CCESdTKQZHdmKICijdKKsCRVHs5KsLZ6pACAmF/1GPUQhonHSXWNERctxEp7RmvjdNbZTL5z9V7nSCXKcg==",
      "requires": {
        "readable-stream": ">=1.0.33-1 <1.1.0-0",
        "xtend": ">=4.0.0 <4.1.0-0"
      }
    },
    "topo": {
      "version": "1.1.0",
      "resolved": "https://registry.npmjs.org/topo/-/topo-1.1.0.tgz",
      "integrity": "sha512-vpmONxdZoD0R3hzH0lovwv8QmsqZmGCDE1wXW9YGD/reiDOAbPKEgRDlBCAt8u8nJhav/s/I+r+1gvdpA11x7Q==",
      "requires": {
        "hoek": "2.x.x"
      }
    },
    "traverse": {
      "version": "0.6.6",
      "resolved": "https://registry.npmjs.org/traverse/-/traverse-0.6.6.tgz",
      "integrity": "sha512-kdf4JKs8lbARxWdp7RKdNzoJBhGUcIalSYibuGyHJbmk40pOysQ0+QPvlkCOICOivDWU2IJo2rkrxyTK2AH4fw=="
    },
    "vision": {
      "version": "3.0.0",
      "resolved": "https://registry.npmjs.org/vision/-/vision-3.0.0.tgz",
      "integrity": "sha512-a20hD1cUMTwHzL/vQys35HdBJn486ymKqRPlUOt06N2JgjdBbQcZ3Qdtwdkj1+0b03EiwnGFjL9QmgPNtu7Wyg==",
      "requires": {
        "boom": "2.x.x",
        "hoek": "^2.9.x",
        "items": "^1.1.x",
        "joi": "6.x.x"
      }
    },
    "wreck": {
      "version": "6.3.0",
      "resolved": "https://registry.npmjs.org/wreck/-/wreck-6.3.0.tgz",
      "integrity": "sha512-jRAfuPkekn1Mr+1qSB5UK53WXVbbqJKV9GYqe4ue1eStEyiICSES58jGXAbxF5hzSJupy9/F3GBu5YDxVGYdzw==",
      "requires": {
        "boom": "2.x.x",
        "hoek": "2.x.x"
      }
    },
    "xtend": {
      "version": "4.0.2",
      "resolved": "https://registry.npmjs.org/xtend/-/xtend-4.0.2.tgz",
      "integrity": "sha512-LKYU1iAXJXUgAXn9URjiu+MWhyUXHsvfp7mcuYm9dSUKK0/CjtrUwFAxD82/mCWbtLsGjFIad0wIsod4zrTAEQ=="
    }
  }
}
